// !$*UTF8*$!
{
	archiveVersion = 1;
	classes = {
	};
	objectVersion = 46;
	objects = {

/* Begin PBXBuildFile section */
		1B133BA7200280F10030112D /* main.cpp in Sources */ = {isa = PBXBuildFile; fileRef = 1B133BA6200280F10030112D /* main.cpp */; };
/* End PBXBuildFile section */

/* Begin PBXCopyFilesBuildPhase section */
		1B133BA1200280F10030112D /* CopyFiles */ = {
			isa = PBXCopyFilesBuildPhase;
			buildActionMask = 2147483647;
			dstPath = /usr/share/man/man1/;
			dstSubfolderSpec = 0;
			files = (
			);
			runOnlyForDeploymentPostprocessing = 1;
		};
/* End PBXCopyFilesBuildPhase section */

/* Begin PBXFileReference section */
		1B133BA3200280F10030112D /* Decision Trees */ = {isa = PBXFileReference; explicitFileType = "compiled.mach-o.executable"; includeInIndex = 0; path = "Decision Trees"; sourceTree = BUILT_PRODUCTS_DIR; };
		1B133BA6200280F10030112D /* main.cpp */ = {isa = PBXFileReference; lastKnownFileType = sourcecode.cpp.cpp; path = main.cpp; sourceTree = "<group>"; };
		1B133BAD2002819C0030112D /* FileManager.h */ = {isa = PBXFileReference; lastKnownFileType = sourcecode.c.h; path = FileManager.h; sourceTree = "<group>"; };
		1B250DEC2009166B00F2F7D3 /* Node.h */ = {isa = PBXFileReference; lastKnownFileType = sourcecode.c.h; path = Node.h; sourceTree = "<group>"; };
		1B250DED200916D300F2F7D3 /* ParseTree.h */ = {isa = PBXFileReference; lastKnownFileType = sourcecode.c.h; path = ParseTree.h; sourceTree = "<group>"; };
		1B9166502002972E00B78594 /* Cancer.h */ = {isa = PBXFileReference; lastKnownFileType = sourcecode.c.h; path = Cancer.h; sourceTree = "<group>"; };
		1B9166512002B25500B78594 /* DecisionTree.h */ = {isa = PBXFileReference; lastKnownFileType = sourcecode.c.h; path = DecisionTree.h; sourceTree = "<group>"; };
		1BB3DF862005213400CB0D61 /* DecisionTreeV2.h */ = {isa = PBXFileReference; lastKnownFileType = sourcecode.c.h; path = DecisionTreeV2.h; sourceTree = "<group>"; };
		1BB3DF8720053C3F00CB0D61 /* PlayTenis.h */ = {isa = PBXFileReference; lastKnownFileType = sourcecode.c.h; path = PlayTenis.h; sourceTree = "<group>"; };
/* End PBXFileReference section */

/* Begin PBXFrameworksBuildPhase section */
		1B133BA0200280F10030112D /* Frameworks */ = {
			isa = PBXFrameworksBuildPhase;
			buildActionMask = 2147483647;
			files = (
			);
			runOnlyForDeploymentPostprocessing = 0;
		};
/* End PBXFrameworksBuildPhase section */

/* Begin PBXGroup section */
		1B133B9A200280F10030112D = {
			isa = PBXGroup;
			children = (
				1B133BA5200280F10030112D /* Decision Trees */,
				1B133BA4200280F10030112D /* Products */,
			);
			sourceTree = "<group>";
		};
		1B133BA4200280F10030112D /* Products */ = {
			isa = PBXGroup;
			children = (
				1B133BA3200280F10030112D /* Decision Trees */,
			);
			name = Products;
			sourceTree = "<group>";
		};
		1B133BA5200280F10030112D /* Decision Trees */ = {
			isa = PBXGroup;
			children = (
				1B133BA6200280F10030112D /* main.cpp */,
				1BB3DF862005213400CB0D61 /* DecisionTreeV2.h */,
				1B133BAD2002819C0030112D /* FileManager.h */,
				1B9166502002972E00B78594 /* Cancer.h */,
				1B9166512002B25500B78594 /* DecisionTree.h */,
				1BB3DF8720053C3F00CB0D61 /* PlayTenis.h */,
				1B250DEC2009166B00F2F7D3 /* Node.h */,
				1B250DED200916D300F2F7D3 /* ParseTree.h */,
			);
			path = "Decision Trees";
			sourceTree = "<group>";
		};
/* End PBXGroup section */

/* Begin PBXNativeTarget section */
		1B133BA2200280F10030112D /* Decision Trees */ = {
			isa = PBXNativeTarget;
			buildConfigurationList = 1B133BAA200280F10030112D /* Build configuration list for PBXNativeTarget "Decision Trees" */;
			buildPhases = (
				1B133B9F200280F10030112D /* Sources */,
				1B133BA0200280F10030112D /* Frameworks */,
				1B133BA1200280F10030112D /* CopyFiles */,
			);
			buildRules = (
			);
			dependencies = (
			);
			name = "Decision Trees";
			productName = "Decision Trees";
			productReference = 1B133BA3200280F10030112D /* Decision Trees */;
			productType = "com.apple.product-type.tool";
		};
/* End PBXNativeTarget section */

/* Begin PBXProject section */
		1B133B9B200280F10030112D /* Project object */ = {
			isa = PBXProject;
			attributes = {
				LastUpgradeCheck = 0810;
				ORGANIZATIONNAME = "Мирослав Николов";
				TargetAttributes = {
					1B133BA2200280F10030112D = {
						CreatedOnToolsVersion = 8.1;
						ProvisioningStyle = Automatic;
					};
				};
			};
			buildConfigurationList = 1B133B9E200280F10030112D /* Build configuration list for PBXProject "Decision Trees" */;
			compatibilityVersion = "Xcode 3.2";
			developmentRegion = English;
			hasScannedForEncodings = 0;
			knownRegions = (
				en,
			);
			mainGroup = 1B133B9A200280F10030112D;
			productRefGroup = 1B133BA4200280F10030112D /* Products */;
			projectDirPath = "";
			projectRoot = "";
			targets = (
				1B133BA2200280F10030112D /* Decision Trees */,
			);
		};
/* End PBXProject section */

/* Begin PBXSourcesBuildPhase section */
		1B133B9F200280F10030112D /* Sources */ = {
			isa = PBXSourcesBuildPhase;
			buildActionMask = 2147483647;
			files = (
				1B133BA7200280F10030112D /* main.cpp in Sources */,
			);
			runOnlyForDeploymentPostprocessing = 0;
		};
/* End PBXSourcesBuildPhase section */

/* Begin XCBuildConfiguration section */
		1B133BA8200280F10030112D /* Debug */ = {
			isa = XCBuildConfiguration;
			buildSettings = {
				ALWAYS_SEARCH_USER_PATHS = NO;
				CLANG_ANALYZER_NONNULL = YES;
				CLANG_CXX_LANGUAGE_STANDARD = "gnu++0x";
				CLANG_CXX_LIBRARY = "libc++";
				CLANG_ENABLE_MODULES = YES;
				CLANG_ENABLE_OBJC_ARC = YES;
				CLANG_WARN_BOOL_CONVERSION = YES;
				CLANG_WARN_CONSTANT_CONVERSION = YES;
				CLANG_WARN_DIRECT_OBJC_ISA_USAGE = YES_ERROR;
				CLANG_WARN_DOCUMENTATION_COMMENTS = YES;
				CLANG_WARN_EMPTY_BODY = YES;
				CLANG_WARN_ENUM_CONVERSION = YES;
				CLANG_WARN_INFINITE_RECURSION = YES;
				CLANG_WARN_INT_CONVERSION = YES;
				CLANG_WARN_OBJC_ROOT_CLASS = YES_ERROR;
				CLANG_WARN_SUSPICIOUS_MOVES = YES;
				CLANG_WARN_UNREACHABLE_CODE = YES;
				CLANG_WARN__DUPLICATE_METHOD_MATCH = YES;
				CODE_SIGN_IDENTITY = "-";
				COPY_PHASE_STRIP = NO;
				DEBUG_INFORMATION_FORMAT = dwarf;
				ENABLE_STRICT_OBJC_MSGSEND = YES;
				ENABLE_TESTABILITY = YES;
				GCC_C_LANGUAGE_STANDARD = gnu99;
				GCC_DYNAMIC_NO_PIC = NO;
				GCC_NO_COMMON_BLOCKS = YES;
				GCC_OPTIMIZATION_LEVEL = 0;
				GCC_PREPROCESSOR_DEFINITIONS = (
					"DEBUG=1",
					"$(inherited)",
				);
				GCC_WARN_64_TO_32_BIT_CONVERSION = YES;
				GCC_WARN_ABOUT_RETURN_TYPE = YES_ERROR;
				GCC_WARN_UNDECLARED_SELECTOR = YES;
				GCC_WARN_UNINITIALIZED_AUTOS = YES_AGGRESSIVE;
				GCC_WARN_UNUSED_FUNCTION = YES;
				GCC_WARN_UNUSED_VARIABLE = YES;
				MACOSX_DEPLOYMENT_TARGET = 10.11;
				MTL_ENABLE_DEBUG_INFO = YES;
				ONLY_ACTIVE_ARCH = YES;
				SDKROOT = macosx;
			};
			name = Debug;
		};
		1B133BA9200280F10030112D /* Release */ = {
			isa = XCBuildConfiguration;
			buildSettings = {
				ALWAYS_SEARCH_USER_PATHS = NO;
				CLANG_ANALYZER_NONNULL = YES;
				CLANG_CXX_LANGUAGE_STANDARD = "gnu++0x";
				CLANG_CXX_LIBRARY = "libc++";
				CLANG_ENABLE_MODULES = YES;
				CLANG_ENABLE_OBJC_ARC = YES;
				CLANG_WARN_BOOL_CONVERSION = YES;
				CLANG_WARN_CONSTANT_CONVERSION = YES;
				CLANG_WARN_DIRECT_OBJC_ISA_USAGE = YES_ERROR;
				CLANG_WARN_DOCUMENTATION_COMMENTS = YES;
				CLANG_WARN_EMPTY_BODY = YES;
				CLANG_WARN_ENUM_CONVERSION = YES;
				CLANG_WARN_INFINITE_RECURSION = YES;
				CLANG_WARN_INT_CONVERSION = YES;
				CLANG_WARN_OBJC_ROOT_CLASS = YES_ERROR;
				CLANG_WARN_SUSPICIOUS_MOVES = YES;
				CLANG_WARN_UNREACHABLE_CODE = YES;
				CLANG_WARN__DUPLICATE_METHOD_MATCH = YES;
				CODE_SIGN_IDENTITY = "-";
				COPY_PHASE_STRIP = NO;
				DEBUG_INFORMATION_FORMAT = "dwarf-with-dsym";
				ENABLE_NS_ASSERTIONS = NO;
				ENABLE_STRICT_OBJC_MSGSEND = YES;
				GCC_C_LANGUAGE_STANDARD = gnu99;
				GCC_NO_COMMON_BLOCKS = YES;
				GCC_WARN_64_TO_32_BIT_CONVERSION = YES;
				GCC_WARN_ABOUT_RETURN_TYPE = YES_ERROR;
				GCC_WARN_UNDECLARED_SELECTOR = YES;
				GCC_WARN_UNINITIALIZED_AUTOS = YES_AGGRESSIVE;
				GCC_WARN_UNUSED_FUNCTION = YES;
				GCC_WARN_UNUSED_VARIABLE = YES;
				MACOSX_DEPLOYMENT_TARGET = 10.11;
				MTL_ENABLE_DEBUG_INFO = NO;
				SDKROOT = macosx;
			};
			name = Release;
		};
		1B133BAB200280F10030112D /* Debug */ = {
			isa = XCBuildConfiguration;
			buildSettings = {
				PRODUCT_NAME = "$(TARGET_NAME)";
			};
			name = Debug;
		};
		1B133BAC200280F10030112D /* Release */ = {
			isa = XCBuildConfiguration;
			buildSettings = {
				PRODUCT_NAME = "$(TARGET_NAME)";
			};
			name = Release;
		};
/* End XCBuildConfiguration section */

/* Begin XCConfigurationList section */
		1B133B9E200280F10030112D /* Build configuration list for PBXProject "Decision Trees" */ = {
			isa = XCConfigurationList;
			buildConfigurations = (
				1B133BA8200280F10030112D /* Debug */,
				1B133BA9200280F10030112D /* Release */,
			);
			defaultConfigurationIsVisible = 0;
			defaultConfigurationName = Release;
		};
		1B133BAA200280F10030112D /* Build configuration list for PBXNativeTarget "Decision Trees" */ = {
			isa = XCConfigurationList;
			buildConfigurations = (
				1B133BAB200280F10030112D /* Debug */,
				1B133BAC200280F10030112D /* Release */,
			);
			defaultConfigurationIsVisible = 0;
			defaultConfigurationName = Release;
		};
/* End XCConfigurationList section */
	};
	rootObject = 1B133B9B200280F10030112D /* Project object */;
}
